
Microsoft Visual Studio Solution File, Format Version 12.00
# Visual Studio Version 17
VisualStudioVersion = 17.14.36511.14 d17.14
MinimumVisualStudioVersion = 10.0.40219.1
Project("{FAE04EC0-301F-11D3-BF4B-00C04F79EFBC}") = "cs2-HitMark", "cs2-HitMark.csproj", "{6405C31C-3A57-4FFD-6BF6-7A6713983FB4}"
EndProject
Global
	GlobalSection(SolutionConfigurationPlatforms) = preSolution
		Debug|Any CPU = Debug|Any CPU
		Release|Any CPU = Release|Any CPU
	EndGlobalSection
	GlobalSection(ProjectConfigurationPlatforms) = postSolution
		{6405C31C-3A57-4FFD-6BF6-7A6713983FB4}.Debug|Any CPU.ActiveCfg = Debug|Any CPU
		{6405C31C-3A57-4FFD-6BF6-7A6713983FB4}.Debug|Any CPU.Build.0 = Debug|Any CPU
		{6405C31C-3A57-4FFD-6BF6-7A6713983FB4}.Release|Any CPU.ActiveCfg = Release|Any CPU
		{6405C31C-3A57-4FFD-6BF6-7A6713983FB4}.Release|Any CPU.Build.0 = Release|Any CPU
	EndGlobalSection
	GlobalSection(SolutionProperties) = preSolution
		HideSolutionNode = FALSE
	EndGlobalSection
	GlobalSection(ExtensibilityGlobals) = postSolution
		SolutionGuid = {B70BEA82-6086-4FD8-A7BD-943B4FC643C3}
	EndGlobalSection
EndGlobal
